<?xml version="1.0" encoding="utf-8"?>
<Project ToolsVersion="4.0" xmlns="http://schemas.microsoft.com/developer/msbuild/2003">
  <ItemGroup>
    <Filter Include="Source Files">
      <UniqueIdentifier>{5648dd36-7be4-4311-9280-d44aac65435f}</UniqueIdentifier>
      <Extensions>cpp;c;cc;cxx;c++</Extensions>
    </Filter>
    <Filter Include="Header Files">
      <UniqueIdentifier>{12488ddc-ff18-47ad-8412-9a4c8c366b80}</UniqueIdentifier>
      <Extensions>h</Extensions>
    </Filter>
    <Filter Include="Resource">
      <UniqueIdentifier>{3d7d65c2-1f59-4239-8d8b-a1c565d386ea}</UniqueIdentifier>
    </Filter>
  </ItemGroup>
  <ItemGroup>
    <ClCompile Include="..\N3BASE\BitMapFile.cpp">
      <Filter>Source Files</Filter>
    </ClCompile>
    <ClCompile Include="iffreader.cpp">
      <Filter>Source Files</Filter>
    </ClCompile>
    <ClCompile Include="..\N3BASE\LogWriter.cpp">
      <Filter>Source Files</Filter>
    </ClCompile>
    <ClCompile Include="..\N3Base\N3AlphaPrimitiveManager.cpp">
      <Filter>Source Files</Filter>
    </ClCompile>
    <ClCompile Include="..\N3Base\N3AnimControl.cpp">
      <Filter>Source Files</Filter>
    </ClCompile>
    <ClCompile Include="..\N3Base\N3AnimKey.cpp">
      <Filter>Source Files</Filter>
    </ClCompile>
    <ClCompile Include="..\N3Base\N3Base.cpp">
      <Filter>Source Files</Filter>
    </ClCompile>
    <ClCompile Include="..\N3Base\N3BaseFileAccess.cpp">
      <Filter>Source Files</Filter>
    </ClCompile>
    <ClCompile Include="..\N3Base\N3Camera.cpp">
      <Filter>Source Files</Filter>
    </ClCompile>
    <ClCompile Include="..\N3Base\N3Chr.cpp">
      <Filter>Source Files</Filter>
    </ClCompile>
    <ClCompile Include="N3E2Translator.cpp">
      <Filter>Source Files</Filter>
    </ClCompile>
    <ClCompile Include="N3E2Wrapper.cpp">
      <Filter>Source Files</Filter>
    </ClCompile>
    <ClCompile Include="..\N3Base\N3Eng.cpp">
      <Filter>Source Files</Filter>
    </ClCompile>
    <ClCompile Include="..\N3Base\N3EngTool.cpp">
      <Filter>Source Files</Filter>
    </ClCompile>
    <ClCompile Include="..\N3BASE\N3FXBundle.cpp">
      <Filter>Source Files</Filter>
    </ClCompile>
    <ClCompile Include="..\N3BASE\N3FXGroup.cpp">
      <Filter>Source Files</Filter>
    </ClCompile>
    <ClCompile Include="..\N3BASE\N3FXPartBase.cpp">
      <Filter>Source Files</Filter>
    </ClCompile>
    <ClCompile Include="..\N3BASE\N3FXPartBillBoard.cpp">
      <Filter>Source Files</Filter>
    </ClCompile>
    <ClCompile Include="..\N3BASE\N3FXPartBottomBoard.cpp">
      <Filter>Source Files</Filter>
    </ClCompile>
    <ClCompile Include="..\N3BASE\N3FXParticle.cpp">
      <Filter>Source Files</Filter>
    </ClCompile>
    <ClCompile Include="..\N3BASE\N3FXPartMesh.cpp">
      <Filter>Source Files</Filter>
    </ClCompile>
    <ClCompile Include="..\N3BASE\N3FXPartParticles.cpp">
      <Filter>Source Files</Filter>
    </ClCompile>
    <ClCompile Include="..\N3BASE\N3FXPlug.cpp">
      <Filter>Source Files</Filter>
    </ClCompile>
    <ClCompile Include="..\N3BASE\N3FXPMesh.cpp">
      <Filter>Source Files</Filter>
    </ClCompile>
    <ClCompile Include="..\N3BASE\N3FXPMeshInstance.cpp">
      <Filter>Source Files</Filter>
    </ClCompile>
    <ClCompile Include="..\N3BASE\N3FXShape.cpp">
      <Filter>Source Files</Filter>
    </ClCompile>
    <ClCompile Include="..\N3Base\N3IMesh.cpp">
      <Filter>Source Files</Filter>
    </ClCompile>
    <ClCompile Include="..\N3Base\N3Joint.cpp">
      <Filter>Source Files</Filter>
    </ClCompile>
    <ClCompile Include="..\N3Base\N3Light.cpp">
      <Filter>Source Files</Filter>
    </ClCompile>
    <ClCompile Include="..\N3Base\N3Mesh.cpp">
      <Filter>Source Files</Filter>
    </ClCompile>
    <ClCompile Include="..\N3Base\N3PMesh.cpp">
      <Filter>Source Files</Filter>
    </ClCompile>
    <ClCompile Include="..\N3Base\N3PMeshCreate.cpp">
      <Filter>Source Files</Filter>
    </ClCompile>
    <ClCompile Include="..\N3Base\N3PMeshInstance.cpp">
      <Filter>Source Files</Filter>
    </ClCompile>
    <ClCompile Include="..\N3Base\N3Scene.cpp">
      <Filter>Source Files</Filter>
    </ClCompile>
    <ClCompile Include="..\N3Base\N3Shape.cpp">
      <Filter>Source Files</Filter>
    </ClCompile>
    <ClCompile Include="..\N3Base\N3Skin.cpp">
      <Filter>Source Files</Filter>
    </ClCompile>
    <ClCompile Include="..\N3Base\N3Texture.cpp">
      <Filter>Source Files</Filter>
    </ClCompile>
    <ClCompile Include="..\N3Base\N3Transform.cpp">
      <Filter>Source Files</Filter>
    </ClCompile>
    <ClCompile Include="..\N3Base\N3TransformCollision.cpp">
      <Filter>Source Files</Filter>
    </ClCompile>
    <ClCompile Include="..\N3Base\N3VMesh.cpp">
      <Filter>Source Files</Filter>
    </ClCompile>
    <ClCompile Include="pch.cpp">
      <Filter>Source Files</Filter>
    </ClCompile>
  </ItemGroup>
  <ItemGroup>
    <ClInclude Include="..\N3BASE\BitMapFile.h">
      <Filter>Header Files</Filter>
    </ClInclude>
    <ClInclude Include="iffreader.h">
      <Filter>Header Files</Filter>
    </ClInclude>
    <ClInclude Include="..\N3BASE\LogWriter.h">
      <Filter>Header Files</Filter>
    </ClInclude>
    <ClInclude Include="..\N3Base\My_3DStruct.h">
      <Filter>Header Files</Filter>
    </ClInclude>
    <ClInclude Include="..\N3Base\N3AlphaPrimitiveManager.h">
      <Filter>Header Files</Filter>
    </ClInclude>
    <ClInclude Include="..\N3Base\N3AnimControl.h">
      <Filter>Header Files</Filter>
    </ClInclude>
    <ClInclude Include="..\N3Base\N3AnimKey.h">
      <Filter>Header Files</Filter>
    </ClInclude>
    <ClInclude Include="..\N3Base\N3Base.h">
      <Filter>Header Files</Filter>
    </ClInclude>
    <ClInclude Include="..\N3Base\N3BaseFileAccess.h">
      <Filter>Header Files</Filter>
    </ClInclude>
    <ClInclude Include="..\N3Base\N3Camera.h">
      <Filter>Header Files</Filter>
    </ClInclude>
    <ClInclude Include="..\N3Base\N3Chr.h">
      <Filter>Header Files</Filter>
    </ClInclude>
    <ClInclude Include="N3E2Translator.h">
      <Filter>Header Files</Filter>
    </ClInclude>
    <ClInclude Include="N3E2Wrapper.h">
      <Filter>Header Files</Filter>
    </ClInclude>
    <ClInclude Include="..\N3Base\N3Eng.h">
      <Filter>Header Files</Filter>
    </ClInclude>
    <ClInclude Include="..\N3Base\N3EngTool.h">
      <Filter>Header Files</Filter>
    </ClInclude>
    <ClInclude Include="..\N3BASE\N3FXBundle.h">
      <Filter>Header Files</Filter>
    </ClInclude>
    <ClInclude Include="..\N3BASE\N3FXDef.h">
      <Filter>Header Files</Filter>
    </ClInclude>
    <ClInclude Include="..\N3BASE\N3FXGroup.h">
      <Filter>Header Files</Filter>
    </ClInclude>
    <ClInclude Include="..\N3BASE\N3FXPartBase.h">
      <Filter>Header Files</Filter>
    </ClInclude>
    <ClInclude Include="..\N3BASE\N3FXPartBillBoard.h">
      <Filter>Header Files</Filter>
    </ClInclude>
    <ClInclude Include="..\N3BASE\N3FXPartBottomBoard.h">
      <Filter>Header Files</Filter>
    </ClInclude>
    <ClInclude Include="..\N3BASE\N3FXParticle.h">
      <Filter>Header Files</Filter>
    </ClInclude>
    <ClInclude Include="..\N3BASE\N3FXPartMesh.h">
      <Filter>Header Files</Filter>
    </ClInclude>
    <ClInclude Include="..\N3BASE\N3FXPartParticles.h">
      <Filter>Header Files</Filter>
    </ClInclude>
    <ClInclude Include="..\N3BASE\N3FXPlug.h">
      <Filter>Header Files</Filter>
    </ClInclude>
    <ClInclude Include="..\N3BASE\N3FXPMesh.h">
      <Filter>Header Files</Filter>
    </ClInclude>
    <ClInclude Include="..\N3BASE\N3FXPMeshInstance.h">
      <Filter>Header Files</Filter>
    </ClInclude>
    <ClInclude Include="..\N3BASE\N3FXShape.h">
      <Filter>Header Files</Filter>
    </ClInclude>
    <ClInclude Include="..\N3Base\N3IMesh.h">
      <Filter>Header Files</Filter>
    </ClInclude>
    <ClInclude Include="..\N3Base\N3Joint.h">
      <Filter>Header Files</Filter>
    </ClInclude>
    <ClInclude Include="..\N3Base\N3Light.h">
      <Filter>Header Files</Filter>
    </ClInclude>
    <ClInclude Include="..\N3Base\N3Mesh.h">
      <Filter>Header Files</Filter>
    </ClInclude>
    <ClInclude Include="..\N3Base\N3Mng.h">
      <Filter>Header Files</Filter>
    </ClInclude>
    <ClInclude Include="..\N3Base\N3PMesh.h">
      <Filter>Header Files</Filter>
    </ClInclude>
    <ClInclude Include="..\N3Base\N3PMeshCreate.h">
      <Filter>Header Files</Filter>
    </ClInclude>
    <ClInclude Include="..\N3Base\N3PMeshInstance.h">
      <Filter>Header Files</Filter>
    </ClInclude>
    <ClInclude Include="..\N3Base\N3Scene.h">
      <Filter>Header Files</Filter>
    </ClInclude>
    <ClInclude Include="..\N3Base\N3Shape.h">
      <Filter>Header Files</Filter>
    </ClInclude>
    <ClInclude Include="..\N3Base\N3Skin.h">
      <Filter>Header Files</Filter>
    </ClInclude>
    <ClInclude Include="..\N3Base\N3Texture.h">
      <Filter>Header Files</Filter>
    </ClInclude>
    <ClInclude Include="..\N3Base\N3Transform.h">
      <Filter>Header Files</Filter>
    </ClInclude>
    <ClInclude Include="..\N3Base\N3TransformCollision.h">
      <Filter>Header Files</Filter>
    </ClInclude>
    <ClInclude Include="..\N3Base\N3VMesh.h">
      <Filter>Header Files</Filter>
    </ClInclude>
    <ClInclude Include="resource.h">
      <Filter>Resource</Filter>
    </ClInclude>
    <ClInclude Include="pch.h">
      <Filter>Header Files</Filter>
    </ClInclude>
  </ItemGroup>
  <ItemGroup>
    <ResourceCompile Include="Resource.rc">
      <Filter>Resource</Filter>
    </ResourceCompile>
  </ItemGroup>
  <ItemGroup>
    <None Include="packages.config" />
  </ItemGroup>
</Project>